
Microsoft Visual Studio Solution File, Format Version 12.00
# Visual Studio Version 16
VisualStudioVersion = 16.0.30523.141
MinimumVisualStudioVersion = 10.0.40219.1
Project("{9A19103F-16F7-4668-BE54-9A1E7A4F7556}") = "edu.bucknell.project.moravianLives.model", "model\edu.bucknell.project.moravianLives.model.csproj", "{BD5789E5-61BA-4F95-BB7C-0C916637AC41}"
EndProject
Project("{2150E333-8FDC-42A3-9474-1A3956D46DE8}") = "Libraries", "Libraries", "{8B47FC8E-AFBE-499C-929D-6F86D33044EC}"
EndProject
Project("{9A19103F-16F7-4668-BE54-9A1E7A4F7556}") = "Zen.Base", "..\..\zen\Zen.Base\Zen.Base.csproj", "{D952A3B8-726A-41F9-8BE7-AE1B24406E11}"
EndProject
Project("{9A19103F-16F7-4668-BE54-9A1E7A4F7556}") = "Zen.Pebble.FlexibleData", "..\..\zen\Zen.Pebble.FlexibleData\Zen.Pebble.FlexibleData.csproj", "{2F6768AB-0ED1-4325-AA18-E8D185042508}"
EndProject
Project("{9A19103F-16F7-4668-BE54-9A1E7A4F7556}") = "Zen.Pebble.Geo", "..\..\zen\Zen.Pebble.Geo\Zen.Pebble.Geo.csproj", "{AFFDA009-B865-421F-A6B7-3C9295B5D124}"
EndProject
Project("{9A19103F-16F7-4668-BE54-9A1E7A4F7556}") = "Bucknell_MoravianLives_GitHub", "providers\Bucknell_MoravianLives_GitHub\Bucknell_MoravianLives_GitHub.csproj", "{3DAAF51E-12BC-498E-8339-70C32BD971B3}"
EndProject
Project("{9A19103F-16F7-4668-BE54-9A1E7A4F7556}") = "Zen.Provider.GitHub", "..\..\zen\Zen.Provider.GitHub\Zen.Provider.GitHub.csproj", "{4FF4D95F-2D13-4ADB-80B5-DCA279808ACA}"
EndProject
Project("{9A19103F-16F7-4668-BE54-9A1E7A4F7556}") = "Zen.Storage", "..\..\zen\Zen.Storage\Zen.Storage.csproj", "{8967F267-89F8-41CF-B44E-23765CD5E9C4}"
EndProject
Project("{9A19103F-16F7-4668-BE54-9A1E7A4F7556}") = "Zen.Module.Data.MongoDB", "..\..\zen\Zen.Module.Data.MongoDB\Zen.Module.Data.MongoDB.csproj", "{F5E29810-5C00-4F57-9008-FDCA77BEF83B}"
EndProject
Project("{9A19103F-16F7-4668-BE54-9A1E7A4F7556}") = "Zen.Pebble.CrossModelMap", "..\..\zen\Zen.Pebble.CrossModelMap\Zen.Pebble.CrossModelMap.csproj", "{157B1F9A-8DD3-4069-AA02-D596E602E651}"
EndProject
Project("{9A19103F-16F7-4668-BE54-9A1E7A4F7556}") = "edu.bucknell.project.moravianLives.API", "service\edu.bucknell.project.moravianLives.API\edu.bucknell.project.moravianLives.API.csproj", "{824D3EAA-34B5-489F-BD47-2A93A9C5C9D2}"
EndProject
Project("{9A19103F-16F7-4668-BE54-9A1E7A4F7556}") = "Zen.Web", "..\..\zen\Zen.Web\Zen.Web.csproj", "{D8716FE4-D21D-4B4C-8610-BA5098312B32}"
EndProject
Project("{9A19103F-16F7-4668-BE54-9A1E7A4F7556}") = "Zen.Web.App", "..\..\zen\Zen.Web.App\Zen.Web.App.csproj", "{D3C01F3B-99E1-4807-8613-683255C52F5E}"
EndProject
Project("{FAE04EC0-301F-11D3-BF4B-00C04F79EFBC}") = "Nyan.Modules.Web.Tools", "..\..\..\Nyan\Modules\Web\Tools\Nyan.Modules.Web.Tools.csproj", "{4EF3C2F6-1E6E-4CFB-ACE2-5896E0A50152}"
EndProject
Project("{FAE04EC0-301F-11D3-BF4B-00C04F79EFBC}") = "Nyan.Modules.Data.Oracle", "..\..\..\Nyan\Modules\Data\Oracle\Nyan.Modules.Data.Oracle.csproj", "{FCA50A08-D3E6-4BCB-8FED-7F879108D65D}"
EndProject
Project("{FAE04EC0-301F-11D3-BF4B-00C04F79EFBC}") = "Nyan.Modules.Log.UDP", "..\..\..\Nyan\Modules\Log\UDP\Nyan.Modules.Log.UDP.csproj", "{4AF0A6E5-54E8-4392-B82F-A8531D91D6AF}"
EndProject
Project("{FAE04EC0-301F-11D3-BF4B-00C04F79EFBC}") = "Nyan.Modules.Web.Push", "..\..\..\Nyan\Modules\Web\Push\Nyan.Modules.Web.Push.csproj", "{125AB309-40A9-4C71-880A-061779DC4795}"
EndProject
Project("{FAE04EC0-301F-11D3-BF4B-00C04F79EFBC}") = "Nyan.Modules.Storage.FileSystem", "..\..\..\Nyan\Modules\Storage\FileSystemStorage\Nyan.Modules.Storage.FileSystem.csproj", "{9CCB244E-39AF-4ED3-B8DC-6F2F3F17D14A}"
EndProject
Project("{FAE04EC0-301F-11D3-BF4B-00C04F79EFBC}") = "Nyan.Modules.Data.MongoDB", "..\..\..\Nyan\Modules\Data\MongoDB\Nyan.Modules.Data.MongoDB.csproj", "{4283A010-DA68-431C-86D0-4DB4A6613716}"
EndProject
Project("{FAE04EC0-301F-11D3-BF4B-00C04F79EFBC}") = "Nyan.Modules.Cache.Redis", "..\..\..\Nyan\Modules\Cache\Redis\Nyan.Modules.Cache.Redis.csproj", "{C460604E-DD0F-41A8-B707-034DA51AEC7C}"
EndProject
Project("{FAE04EC0-301F-11D3-BF4B-00C04F79EFBC}") = "Nyan.Modules.Encryption.AES", "..\..\..\Nyan\Modules\Encryption\AES\Nyan.Modules.Encryption.AES.csproj", "{006F0226-BF59-4621-B06A-0D5D6CE537D2}"
EndProject
Project("{FAE04EC0-301F-11D3-BF4B-00C04F79EFBC}") = "Nyan.Modules.Data.MySQL", "..\..\..\Nyan\Modules\Data\MySQL\Nyan.Modules.Data.MySQL.csproj", "{F51739FE-C8A8-4328-B265-1D975D6950FE}"
EndProject
Project("{FAE04EC0-301F-11D3-BF4B-00C04F79EFBC}") = "Nyan.Modules.Data.SqlServer", "..\..\..\Nyan\Modules\Data\SqlServer\Nyan.Modules.Data.SqlServer.csproj", "{2599BC6B-1CCE-4EBC-848E-2021AFFDDE20}"
EndProject
Global
	GlobalSection(SolutionConfigurationPlatforms) = preSolution
		Debug|Any CPU = Debug|Any CPU
		Release|Any CPU = Release|Any CPU
	EndGlobalSection
	GlobalSection(ProjectConfigurationPlatforms) = postSolution
		{BD5789E5-61BA-4F95-BB7C-0C916637AC41}.Debug|Any CPU.ActiveCfg = Debug|Any CPU
		{BD5789E5-61BA-4F95-BB7C-0C916637AC41}.Debug|Any CPU.Build.0 = Debug|Any CPU
		{BD5789E5-61BA-4F95-BB7C-0C916637AC41}.Release|Any CPU.ActiveCfg = Release|Any CPU
		{BD5789E5-61BA-4F95-BB7C-0C916637AC41}.Release|Any CPU.Build.0 = Release|Any CPU
		{D952A3B8-726A-41F9-8BE7-AE1B24406E11}.Debug|Any CPU.ActiveCfg = Debug|Any CPU
		{D952A3B8-726A-41F9-8BE7-AE1B24406E11}.Debug|Any CPU.Build.0 = Debug|Any CPU
		{D952A3B8-726A-41F9-8BE7-AE1B24406E11}.Release|Any CPU.ActiveCfg = Release|Any CPU
		{D952A3B8-726A-41F9-8BE7-AE1B24406E11}.Release|Any CPU.Build.0 = Release|Any CPU
		{2F6768AB-0ED1-4325-AA18-E8D185042508}.Debug|Any CPU.ActiveCfg = Debug|Any CPU
		{2F6768AB-0ED1-4325-AA18-E8D185042508}.Debug|Any CPU.Build.0 = Debug|Any CPU
		{2F6768AB-0ED1-4325-AA18-E8D185042508}.Release|Any CPU.ActiveCfg = Release|Any CPU
		{2F6768AB-0ED1-4325-AA18-E8D185042508}.Release|Any CPU.Build.0 = Release|Any CPU
		{AFFDA009-B865-421F-A6B7-3C9295B5D124}.Debug|Any CPU.ActiveCfg = Debug|Any CPU
		{AFFDA009-B865-421F-A6B7-3C9295B5D124}.Debug|Any CPU.Build.0 = Debug|Any CPU
		{AFFDA009-B865-421F-A6B7-3C9295B5D124}.Release|Any CPU.ActiveCfg = Release|Any CPU
		{AFFDA009-B865-421F-A6B7-3C9295B5D124}.Release|Any CPU.Build.0 = Release|Any CPU
		{3DAAF51E-12BC-498E-8339-70C32BD971B3}.Debug|Any CPU.ActiveCfg = Debug|Any CPU
		{3DAAF51E-12BC-498E-8339-70C32BD971B3}.Debug|Any CPU.Build.0 = Debug|Any CPU
		{3DAAF51E-12BC-498E-8339-70C32BD971B3}.Release|Any CPU.ActiveCfg = Release|Any CPU
		{3DAAF51E-12BC-498E-8339-70C32BD971B3}.Release|Any CPU.Build.0 = Release|Any CPU
		{4FF4D95F-2D13-4ADB-80B5-DCA279808ACA}.Debug|Any CPU.ActiveCfg = Debug|Any CPU
		{4FF4D95F-2D13-4ADB-80B5-DCA279808ACA}.Debug|Any CPU.Build.0 = Debug|Any CPU
		{4FF4D95F-2D13-4ADB-80B5-DCA279808ACA}.Release|Any CPU.ActiveCfg = Release|Any CPU
		{4FF4D95F-2D13-4ADB-80B5-DCA279808ACA}.Release|Any CPU.Build.0 = Release|Any CPU
		{8967F267-89F8-41CF-B44E-23765CD5E9C4}.Debug|Any CPU.ActiveCfg = Debug|Any CPU
		{8967F267-89F8-41CF-B44E-23765CD5E9C4}.Debug|Any CPU.Build.0 = Debug|Any CPU
		{8967F267-89F8-41CF-B44E-23765CD5E9C4}.Release|Any CPU.ActiveCfg = Release|Any CPU
		{8967F267-89F8-41CF-B44E-23765CD5E9C4}.Release|Any CPU.Build.0 = Release|Any CPU
		{F5E29810-5C00-4F57-9008-FDCA77BEF83B}.Debug|Any CPU.ActiveCfg = Debug|Any CPU
		{F5E29810-5C00-4F57-9008-FDCA77BEF83B}.Debug|Any CPU.Build.0 = Debug|Any CPU
		{F5E29810-5C00-4F57-9008-FDCA77BEF83B}.Release|Any CPU.ActiveCfg = Release|Any CPU
		{F5E29810-5C00-4F57-9008-FDCA77BEF83B}.Release|Any CPU.Build.0 = Release|Any CPU
		{157B1F9A-8DD3-4069-AA02-D596E602E651}.Debug|Any CPU.ActiveCfg = Debug|Any CPU
		{157B1F9A-8DD3-4069-AA02-D596E602E651}.Debug|Any CPU.Build.0 = Debug|Any CPU
		{157B1F9A-8DD3-4069-AA02-D596E602E651}.Release|Any CPU.ActiveCfg = Release|Any CPU
		{157B1F9A-8DD3-4069-AA02-D596E602E651}.Release|Any CPU.Build.0 = Release|Any CPU
		{824D3EAA-34B5-489F-BD47-2A93A9C5C9D2}.Debug|Any CPU.ActiveCfg = Debug|Any CPU
		{824D3EAA-34B5-489F-BD47-2A93A9C5C9D2}.Debug|Any CPU.Build.0 = Debug|Any CPU
		{824D3EAA-34B5-489F-BD47-2A93A9C5C9D2}.Release|Any CPU.ActiveCfg = Release|Any CPU
		{824D3EAA-34B5-489F-BD47-2A93A9C5C9D2}.Release|Any CPU.Build.0 = Release|Any CPU
		{D8716FE4-D21D-4B4C-8610-BA5098312B32}.Debug|Any CPU.ActiveCfg = Debug|Any CPU
		{D8716FE4-D21D-4B4C-8610-BA5098312B32}.Debug|Any CPU.Build.0 = Debug|Any CPU
		{D8716FE4-D21D-4B4C-8610-BA5098312B32}.Release|Any CPU.ActiveCfg = Release|Any CPU
		{D8716FE4-D21D-4B4C-8610-BA5098312B32}.Release|Any CPU.Build.0 = Release|Any CPU
		{D3C01F3B-99E1-4807-8613-683255C52F5E}.Debug|Any CPU.ActiveCfg = Debug|Any CPU
		{D3C01F3B-99E1-4807-8613-683255C52F5E}.Debug|Any CPU.Build.0 = Debug|Any CPU
		{D3C01F3B-99E1-4807-8613-683255C52F5E}.Release|Any CPU.ActiveCfg = Release|Any CPU
		{D3C01F3B-99E1-4807-8613-683255C52F5E}.Release|Any CPU.Build.0 = Release|Any CPU
		{4EF3C2F6-1E6E-4CFB-ACE2-5896E0A50152}.Debug|Any CPU.ActiveCfg = Debug|Any CPU
		{4EF3C2F6-1E6E-4CFB-ACE2-5896E0A50152}.Debug|Any CPU.Build.0 = Debug|Any CPU
		{4EF3C2F6-1E6E-4CFB-ACE2-5896E0A50152}.Release|Any CPU.ActiveCfg = Release|Any CPU
		{4EF3C2F6-1E6E-4CFB-ACE2-5896E0A50152}.Release|Any CPU.Build.0 = Release|Any CPU
		{FCA50A08-D3E6-4BCB-8FED-7F879108D65D}.Debug|Any CPU.ActiveCfg = Debug|Any CPU
		{FCA50A08-D3E6-4BCB-8FED-7F879108D65D}.Debug|Any CPU.Build.0 = Debug|Any CPU
		{FCA50A08-D3E6-4BCB-8FED-7F879108D65D}.Release|Any CPU.ActiveCfg = Release|Any CPU
		{FCA50A08-D3E6-4BCB-8FED-7F879108D65D}.Release|Any CPU.Build.0 = Release|Any CPU
		{4AF0A6E5-54E8-4392-B82F-A8531D91D6AF}.Debug|Any CPU.ActiveCfg = Debug|Any CPU
		{4AF0A6E5-54E8-4392-B82F-A8531D91D6AF}.Debug|Any CPU.Build.0 = Debug|Any CPU
		{4AF0A6E5-54E8-4392-B82F-A8531D91D6AF}.Release|Any CPU.ActiveCfg = Release|Any CPU
		{4AF0A6E5-54E8-4392-B82F-A8531D91D6AF}.Release|Any CPU.Build.0 = Release|Any CPU
		{125AB309-40A9-4C71-880A-061779DC4795}.Debug|Any CPU.ActiveCfg = Debug|Any CPU
		{125AB309-40A9-4C71-880A-061779DC4795}.Debug|Any CPU.Build.0 = Debug|Any CPU
		{125AB309-40A9-4C71-880A-061779DC4795}.Release|Any CPU.ActiveCfg = Release|Any CPU
		{125AB309-40A9-4C71-880A-061779DC4795}.Release|Any CPU.Build.0 = Release|Any CPU
		{9CCB244E-39AF-4ED3-B8DC-6F2F3F17D14A}.Debug|Any CPU.ActiveCfg = Debug|Any CPU
		{9CCB244E-39AF-4ED3-B8DC-6F2F3F17D14A}.Debug|Any CPU.Build.0 = Debug|Any CPU
		{9CCB244E-39AF-4ED3-B8DC-6F2F3F17D14A}.Release|Any CPU.ActiveCfg = Release|Any CPU
		{9CCB244E-39AF-4ED3-B8DC-6F2F3F17D14A}.Release|Any CPU.Build.0 = Release|Any CPU
		{4283A010-DA68-431C-86D0-4DB4A6613716}.Debug|Any CPU.ActiveCfg = Debug|Any CPU
		{4283A010-DA68-431C-86D0-4DB4A6613716}.Debug|Any CPU.Build.0 = Debug|Any CPU
		{4283A010-DA68-431C-86D0-4DB4A6613716}.Release|Any CPU.ActiveCfg = Release|Any CPU
		{4283A010-DA68-431C-86D0-4DB4A6613716}.Release|Any CPU.Build.0 = Release|Any CPU
		{C460604E-DD0F-41A8-B707-034DA51AEC7C}.Debug|Any CPU.ActiveCfg = Debug|Any CPU
		{C460604E-DD0F-41A8-B707-034DA51AEC7C}.Debug|Any CPU.Build.0 = Debug|Any CPU
		{C460604E-DD0F-41A8-B707-034DA51AEC7C}.Release|Any CPU.ActiveCfg = Release|Any CPU
		{C460604E-DD0F-41A8-B707-034DA51AEC7C}.Release|Any CPU.Build.0 = Release|Any CPU
		{006F0226-BF59-4621-B06A-0D5D6CE537D2}.Debug|Any CPU.ActiveCfg = Debug|Any CPU
		{006F0226-BF59-4621-B06A-0D5D6CE537D2}.Debug|Any CPU.Build.0 = Debug|Any CPU
		{006F0226-BF59-4621-B06A-0D5D6CE537D2}.Release|Any CPU.ActiveCfg = Release|Any CPU
		{006F0226-BF59-4621-B06A-0D5D6CE537D2}.Release|Any CPU.Build.0 = Release|Any CPU
		{F51739FE-C8A8-4328-B265-1D975D6950FE}.Debug|Any CPU.ActiveCfg = Debug|Any CPU
		{F51739FE-C8A8-4328-B265-1D975D6950FE}.Debug|Any CPU.Build.0 = Debug|Any CPU
		{F51739FE-C8A8-4328-B265-1D975D6950FE}.Release|Any CPU.ActiveCfg = Release|Any CPU
		{F51739FE-C8A8-4328-B265-1D975D6950FE}.Release|Any CPU.Build.0 = Release|Any CPU
		{2599BC6B-1CCE-4EBC-848E-2021AFFDDE20}.Debug|Any CPU.ActiveCfg = Debug|Any CPU
		{2599BC6B-1CCE-4EBC-848E-2021AFFDDE20}.Debug|Any CPU.Build.0 = Debug|Any CPU
		{2599BC6B-1CCE-4EBC-848E-2021AFFDDE20}.Release|Any CPU.ActiveCfg = Release|Any CPU
		{2599BC6B-1CCE-4EBC-848E-2021AFFDDE20}.Release|Any CPU.Build.0 = Release|Any CPU
	EndGlobalSection
	GlobalSection(SolutionProperties) = preSolution
		HideSolutionNode = FALSE
	EndGlobalSection
	GlobalSection(NestedProjects) = preSolution
		{D952A3B8-726A-41F9-8BE7-AE1B24406E11} = {8B47FC8E-AFBE-499C-929D-6F86D33044EC}
		{2F6768AB-0ED1-4325-AA18-E8D185042508} = {8B47FC8E-AFBE-499C-929D-6F86D33044EC}
		{AFFDA009-B865-421F-A6B7-3C9295B5D124} = {8B47FC8E-AFBE-499C-929D-6F86D33044EC}
		{4FF4D95F-2D13-4ADB-80B5-DCA279808ACA} = {8B47FC8E-AFBE-499C-929D-6F86D33044EC}
		{8967F267-89F8-41CF-B44E-23765CD5E9C4} = {8B47FC8E-AFBE-499C-929D-6F86D33044EC}
		{F5E29810-5C00-4F57-9008-FDCA77BEF83B} = {8B47FC8E-AFBE-499C-929D-6F86D33044EC}
		{157B1F9A-8DD3-4069-AA02-D596E602E651} = {8B47FC8E-AFBE-499C-929D-6F86D33044EC}
		{D8716FE4-D21D-4B4C-8610-BA5098312B32} = {8B47FC8E-AFBE-499C-929D-6F86D33044EC}
		{D3C01F3B-99E1-4807-8613-683255C52F5E} = {8B47FC8E-AFBE-499C-929D-6F86D33044EC}
		{4EF3C2F6-1E6E-4CFB-ACE2-5896E0A50152} = {8B47FC8E-AFBE-499C-929D-6F86D33044EC}
		{FCA50A08-D3E6-4BCB-8FED-7F879108D65D} = {8B47FC8E-AFBE-499C-929D-6F86D33044EC}
		{4AF0A6E5-54E8-4392-B82F-A8531D91D6AF} = {8B47FC8E-AFBE-499C-929D-6F86D33044EC}
		{125AB309-40A9-4C71-880A-061779DC4795} = {8B47FC8E-AFBE-499C-929D-6F86D33044EC}
		{9CCB244E-39AF-4ED3-B8DC-6F2F3F17D14A} = {8B47FC8E-AFBE-499C-929D-6F86D33044EC}
		{4283A010-DA68-431C-86D0-4DB4A6613716} = {8B47FC8E-AFBE-499C-929D-6F86D33044EC}
		{C460604E-DD0F-41A8-B707-034DA51AEC7C} = {8B47FC8E-AFBE-499C-929D-6F86D33044EC}
		{006F0226-BF59-4621-B06A-0D5D6CE537D2} = {8B47FC8E-AFBE-499C-929D-6F86D33044EC}
		{F51739FE-C8A8-4328-B265-1D975D6950FE} = {8B47FC8E-AFBE-499C-929D-6F86D33044EC}
		{2599BC6B-1CCE-4EBC-848E-2021AFFDDE20} = {8B47FC8E-AFBE-499C-929D-6F86D33044EC}
	EndGlobalSection
	GlobalSection(ExtensibilityGlobals) = postSolution
		SolutionGuid = {3A6BD7F0-5A2F-41E5-ABC3-D11A6206D0F7}
	EndGlobalSection
EndGlobal
