
Microsoft Visual Studio Solution File, Format Version 12.00
# Visual Studio Version 16
VisualStudioVersion = 16.0.30523.141
MinimumVisualStudioVersion = 10.0.40219.1
Project("{9A19103F-16F7-4668-BE54-9A1E7A4F7556}") = "edu.bucknell.project.moravianLives.model", "model\edu.bucknell.project.moravianLives.model.csproj", "{BD5789E5-61BA-4F95-BB7C-0C916637AC41}"
EndProject
Project("{2150E333-8FDC-42A3-9474-1A3956D46DE8}") = "Libraries", "Libraries", "{8B47FC8E-AFBE-499C-929D-6F86D33044EC}"
EndProject
Project("{9A19103F-16F7-4668-BE54-9A1E7A4F7556}") = "Zen.Base", "..\..\zen\Zen.Base\Zen.Base.csproj", "{D952A3B8-726A-41F9-8BE7-AE1B24406E11}"
EndProject
Project("{9A19103F-16F7-4668-BE54-9A1E7A4F7556}") = "Zen.Pebble.FlexibleData", "..\..\zen\Zen.Pebble.FlexibleData\Zen.Pebble.FlexibleData.csproj", "{2F6768AB-0ED1-4325-AA18-E8D185042508}"
EndProject
Project("{9A19103F-16F7-4668-BE54-9A1E7A4F7556}") = "Zen.Pebble.Geo", "..\..\zen\Zen.Pebble.Geo\Zen.Pebble.Geo.csproj", "{AFFDA009-B865-421F-A6B7-3C9295B5D124}"
EndProject
Project("{9A19103F-16F7-4668-BE54-9A1E7A4F7556}") = "Bucknell_MoravianLives_GitHub", "providers\Bucknell_MoravianLives_GitHub\Bucknell_MoravianLives_GitHub.csproj", "{3DAAF51E-12BC-498E-8339-70C32BD971B3}"
EndProject
Project("{9A19103F-16F7-4668-BE54-9A1E7A4F7556}") = "Zen.Provider.GitHub", "..\..\zen\Zen.Provider.GitHub\Zen.Provider.GitHub.csproj", "{4FF4D95F-2D13-4ADB-80B5-DCA279808ACA}"
EndProject
Project("{9A19103F-16F7-4668-BE54-9A1E7A4F7556}") = "Zen.Storage", "..\..\zen\Zen.Storage\Zen.Storage.csproj", "{8967F267-89F8-41CF-B44E-23765CD5E9C4}"
EndProject
Project("{9A19103F-16F7-4668-BE54-9A1E7A4F7556}") = "Zen.Module.Data.MongoDB", "..\..\zen\Zen.Module.Data.MongoDB\Zen.Module.Data.MongoDB.csproj", "{F5E29810-5C00-4F57-9008-FDCA77BEF83B}"
EndProject
Project("{9A19103F-16F7-4668-BE54-9A1E7A4F7556}") = "Zen.Pebble.CrossModelMap", "..\..\zen\Zen.Pebble.CrossModelMap\Zen.Pebble.CrossModelMap.csproj", "{157B1F9A-8DD3-4069-AA02-D596E602E651}"
EndProject
Project("{9A19103F-16F7-4668-BE54-9A1E7A4F7556}") = "edu.bucknell.project.moravianLives.API", "service\edu.bucknell.project.moravianLives.API\edu.bucknell.project.moravianLives.API.csproj", "{824D3EAA-34B5-489F-BD47-2A93A9C5C9D2}"
EndProject
Project("{9A19103F-16F7-4668-BE54-9A1E7A4F7556}") = "Zen.Web", "..\..\zen\Zen.Web\Zen.Web.csproj", "{D8716FE4-D21D-4B4C-8610-BA5098312B32}"
EndProject
Project("{9A19103F-16F7-4668-BE54-9A1E7A4F7556}") = "Zen.Web.App", "..\..\zen\Zen.Web.App\Zen.Web.App.csproj", "{D3C01F3B-99E1-4807-8613-683255C52F5E}"
EndProject
Project("{9A19103F-16F7-4668-BE54-9A1E7A4F7556}") = "Zen.App", "..\..\zen\Zen.App\Zen.App.csproj", "{A867C770-3F17-4386-9C8A-EE7C2AC2B3A3}"
EndProject
Project("{9A19103F-16F7-4668-BE54-9A1E7A4F7556}") = "Zen.Web.Auth", "..\..\zen\Zen.Web.Auth\Zen.Web.Auth.csproj", "{D5545118-20E6-42B7-8D0E-C299D1ABF24F}"
EndProject
Project("{9A19103F-16F7-4668-BE54-9A1E7A4F7556}") = "Zen.Media", "..\..\zen\Zen.Media\Zen.Media.csproj", "{27B4D623-40C0-44DD-9402-D6466B3BF8A9}"
EndProject
Project("{9A19103F-16F7-4668-BE54-9A1E7A4F7556}") = "Zen.Service.Maintenance", "..\..\zen\Zen.Service.Maintenance\Zen.Service.Maintenance.csproj", "{369E3F39-C89C-4221-B43D-76988C7EB1DA}"
EndProject
Project("{9A19103F-16F7-4668-BE54-9A1E7A4F7556}") = "Zen.Web.GraphQL", "..\..\zen\Zen.Web.GraphQL\Zen.Web.GraphQL.csproj", "{082FAF59-52A7-41FB-9A0D-793C90575D4A}"
EndProject
Project("{9A19103F-16F7-4668-BE54-9A1E7A4F7556}") = "edu.bucknell.Framework", "..\..\..\bucknell\edu.bucknell.Framework\edu.bucknell.Framework.csproj", "{C67AC5F9-9217-4006-8C0C-2856B2759C18}"
EndProject
Global
	GlobalSection(SolutionConfigurationPlatforms) = preSolution
		Debug|Any CPU = Debug|Any CPU
		Release|Any CPU = Release|Any CPU
	EndGlobalSection
	GlobalSection(ProjectConfigurationPlatforms) = postSolution
		{BD5789E5-61BA-4F95-BB7C-0C916637AC41}.Debug|Any CPU.ActiveCfg = Debug|Any CPU
		{BD5789E5-61BA-4F95-BB7C-0C916637AC41}.Debug|Any CPU.Build.0 = Debug|Any CPU
		{BD5789E5-61BA-4F95-BB7C-0C916637AC41}.Release|Any CPU.ActiveCfg = Release|Any CPU
		{BD5789E5-61BA-4F95-BB7C-0C916637AC41}.Release|Any CPU.Build.0 = Release|Any CPU
		{D952A3B8-726A-41F9-8BE7-AE1B24406E11}.Debug|Any CPU.ActiveCfg = Debug|Any CPU
		{D952A3B8-726A-41F9-8BE7-AE1B24406E11}.Debug|Any CPU.Build.0 = Debug|Any CPU
		{D952A3B8-726A-41F9-8BE7-AE1B24406E11}.Release|Any CPU.ActiveCfg = Release|Any CPU
		{D952A3B8-726A-41F9-8BE7-AE1B24406E11}.Release|Any CPU.Build.0 = Release|Any CPU
		{2F6768AB-0ED1-4325-AA18-E8D185042508}.Debug|Any CPU.ActiveCfg = Debug|Any CPU
		{2F6768AB-0ED1-4325-AA18-E8D185042508}.Debug|Any CPU.Build.0 = Debug|Any CPU
		{2F6768AB-0ED1-4325-AA18-E8D185042508}.Release|Any CPU.ActiveCfg = Release|Any CPU
		{2F6768AB-0ED1-4325-AA18-E8D185042508}.Release|Any CPU.Build.0 = Release|Any CPU
		{AFFDA009-B865-421F-A6B7-3C9295B5D124}.Debug|Any CPU.ActiveCfg = Debug|Any CPU
		{AFFDA009-B865-421F-A6B7-3C9295B5D124}.Debug|Any CPU.Build.0 = Debug|Any CPU
		{AFFDA009-B865-421F-A6B7-3C9295B5D124}.Release|Any CPU.ActiveCfg = Release|Any CPU
		{AFFDA009-B865-421F-A6B7-3C9295B5D124}.Release|Any CPU.Build.0 = Release|Any CPU
		{3DAAF51E-12BC-498E-8339-70C32BD971B3}.Debug|Any CPU.ActiveCfg = Debug|Any CPU
		{3DAAF51E-12BC-498E-8339-70C32BD971B3}.Debug|Any CPU.Build.0 = Debug|Any CPU
		{3DAAF51E-12BC-498E-8339-70C32BD971B3}.Release|Any CPU.ActiveCfg = Release|Any CPU
		{3DAAF51E-12BC-498E-8339-70C32BD971B3}.Release|Any CPU.Build.0 = Release|Any CPU
		{4FF4D95F-2D13-4ADB-80B5-DCA279808ACA}.Debug|Any CPU.ActiveCfg = Debug|Any CPU
		{4FF4D95F-2D13-4ADB-80B5-DCA279808ACA}.Debug|Any CPU.Build.0 = Debug|Any CPU
		{4FF4D95F-2D13-4ADB-80B5-DCA279808ACA}.Release|Any CPU.ActiveCfg = Release|Any CPU
		{4FF4D95F-2D13-4ADB-80B5-DCA279808ACA}.Release|Any CPU.Build.0 = Release|Any CPU
		{8967F267-89F8-41CF-B44E-23765CD5E9C4}.Debug|Any CPU.ActiveCfg = Debug|Any CPU
		{8967F267-89F8-41CF-B44E-23765CD5E9C4}.Debug|Any CPU.Build.0 = Debug|Any CPU
		{8967F267-89F8-41CF-B44E-23765CD5E9C4}.Release|Any CPU.ActiveCfg = Release|Any CPU
		{8967F267-89F8-41CF-B44E-23765CD5E9C4}.Release|Any CPU.Build.0 = Release|Any CPU
		{F5E29810-5C00-4F57-9008-FDCA77BEF83B}.Debug|Any CPU.ActiveCfg = Debug|Any CPU
		{F5E29810-5C00-4F57-9008-FDCA77BEF83B}.Debug|Any CPU.Build.0 = Debug|Any CPU
		{F5E29810-5C00-4F57-9008-FDCA77BEF83B}.Release|Any CPU.ActiveCfg = Release|Any CPU
		{F5E29810-5C00-4F57-9008-FDCA77BEF83B}.Release|Any CPU.Build.0 = Release|Any CPU
		{157B1F9A-8DD3-4069-AA02-D596E602E651}.Debug|Any CPU.ActiveCfg = Debug|Any CPU
		{157B1F9A-8DD3-4069-AA02-D596E602E651}.Debug|Any CPU.Build.0 = Debug|Any CPU
		{157B1F9A-8DD3-4069-AA02-D596E602E651}.Release|Any CPU.ActiveCfg = Release|Any CPU
		{157B1F9A-8DD3-4069-AA02-D596E602E651}.Release|Any CPU.Build.0 = Release|Any CPU
		{824D3EAA-34B5-489F-BD47-2A93A9C5C9D2}.Debug|Any CPU.ActiveCfg = Debug|Any CPU
		{824D3EAA-34B5-489F-BD47-2A93A9C5C9D2}.Debug|Any CPU.Build.0 = Debug|Any CPU
		{824D3EAA-34B5-489F-BD47-2A93A9C5C9D2}.Release|Any CPU.ActiveCfg = Release|Any CPU
		{824D3EAA-34B5-489F-BD47-2A93A9C5C9D2}.Release|Any CPU.Build.0 = Release|Any CPU
		{D8716FE4-D21D-4B4C-8610-BA5098312B32}.Debug|Any CPU.ActiveCfg = Debug|Any CPU
		{D8716FE4-D21D-4B4C-8610-BA5098312B32}.Debug|Any CPU.Build.0 = Debug|Any CPU
		{D8716FE4-D21D-4B4C-8610-BA5098312B32}.Release|Any CPU.ActiveCfg = Release|Any CPU
		{D8716FE4-D21D-4B4C-8610-BA5098312B32}.Release|Any CPU.Build.0 = Release|Any CPU
		{D3C01F3B-99E1-4807-8613-683255C52F5E}.Debug|Any CPU.ActiveCfg = Debug|Any CPU
		{D3C01F3B-99E1-4807-8613-683255C52F5E}.Debug|Any CPU.Build.0 = Debug|Any CPU
		{D3C01F3B-99E1-4807-8613-683255C52F5E}.Release|Any CPU.ActiveCfg = Release|Any CPU
		{D3C01F3B-99E1-4807-8613-683255C52F5E}.Release|Any CPU.Build.0 = Release|Any CPU
		{A867C770-3F17-4386-9C8A-EE7C2AC2B3A3}.Debug|Any CPU.ActiveCfg = Debug|Any CPU
		{A867C770-3F17-4386-9C8A-EE7C2AC2B3A3}.Debug|Any CPU.Build.0 = Debug|Any CPU
		{A867C770-3F17-4386-9C8A-EE7C2AC2B3A3}.Release|Any CPU.ActiveCfg = Release|Any CPU
		{A867C770-3F17-4386-9C8A-EE7C2AC2B3A3}.Release|Any CPU.Build.0 = Release|Any CPU
		{D5545118-20E6-42B7-8D0E-C299D1ABF24F}.Debug|Any CPU.ActiveCfg = Debug|Any CPU
		{D5545118-20E6-42B7-8D0E-C299D1ABF24F}.Debug|Any CPU.Build.0 = Debug|Any CPU
		{D5545118-20E6-42B7-8D0E-C299D1ABF24F}.Release|Any CPU.ActiveCfg = Release|Any CPU
		{D5545118-20E6-42B7-8D0E-C299D1ABF24F}.Release|Any CPU.Build.0 = Release|Any CPU
		{27B4D623-40C0-44DD-9402-D6466B3BF8A9}.Debug|Any CPU.ActiveCfg = Debug|Any CPU
		{27B4D623-40C0-44DD-9402-D6466B3BF8A9}.Debug|Any CPU.Build.0 = Debug|Any CPU
		{27B4D623-40C0-44DD-9402-D6466B3BF8A9}.Release|Any CPU.ActiveCfg = Release|Any CPU
		{27B4D623-40C0-44DD-9402-D6466B3BF8A9}.Release|Any CPU.Build.0 = Release|Any CPU
		{369E3F39-C89C-4221-B43D-76988C7EB1DA}.Debug|Any CPU.ActiveCfg = Debug|Any CPU
		{369E3F39-C89C-4221-B43D-76988C7EB1DA}.Debug|Any CPU.Build.0 = Debug|Any CPU
		{369E3F39-C89C-4221-B43D-76988C7EB1DA}.Release|Any CPU.ActiveCfg = Release|Any CPU
		{369E3F39-C89C-4221-B43D-76988C7EB1DA}.Release|Any CPU.Build.0 = Release|Any CPU
		{082FAF59-52A7-41FB-9A0D-793C90575D4A}.Debug|Any CPU.ActiveCfg = Debug|Any CPU
		{082FAF59-52A7-41FB-9A0D-793C90575D4A}.Debug|Any CPU.Build.0 = Debug|Any CPU
		{082FAF59-52A7-41FB-9A0D-793C90575D4A}.Release|Any CPU.ActiveCfg = Release|Any CPU
		{082FAF59-52A7-41FB-9A0D-793C90575D4A}.Release|Any CPU.Build.0 = Release|Any CPU
		{C67AC5F9-9217-4006-8C0C-2856B2759C18}.Debug|Any CPU.ActiveCfg = Debug|Any CPU
		{C67AC5F9-9217-4006-8C0C-2856B2759C18}.Debug|Any CPU.Build.0 = Debug|Any CPU
		{C67AC5F9-9217-4006-8C0C-2856B2759C18}.Release|Any CPU.ActiveCfg = Release|Any CPU
		{C67AC5F9-9217-4006-8C0C-2856B2759C18}.Release|Any CPU.Build.0 = Release|Any CPU
	EndGlobalSection
	GlobalSection(SolutionProperties) = preSolution
		HideSolutionNode = FALSE
	EndGlobalSection
	GlobalSection(NestedProjects) = preSolution
		{D952A3B8-726A-41F9-8BE7-AE1B24406E11} = {8B47FC8E-AFBE-499C-929D-6F86D33044EC}
		{2F6768AB-0ED1-4325-AA18-E8D185042508} = {8B47FC8E-AFBE-499C-929D-6F86D33044EC}
		{AFFDA009-B865-421F-A6B7-3C9295B5D124} = {8B47FC8E-AFBE-499C-929D-6F86D33044EC}
		{4FF4D95F-2D13-4ADB-80B5-DCA279808ACA} = {8B47FC8E-AFBE-499C-929D-6F86D33044EC}
		{8967F267-89F8-41CF-B44E-23765CD5E9C4} = {8B47FC8E-AFBE-499C-929D-6F86D33044EC}
		{F5E29810-5C00-4F57-9008-FDCA77BEF83B} = {8B47FC8E-AFBE-499C-929D-6F86D33044EC}
		{157B1F9A-8DD3-4069-AA02-D596E602E651} = {8B47FC8E-AFBE-499C-929D-6F86D33044EC}
		{D8716FE4-D21D-4B4C-8610-BA5098312B32} = {8B47FC8E-AFBE-499C-929D-6F86D33044EC}
		{D3C01F3B-99E1-4807-8613-683255C52F5E} = {8B47FC8E-AFBE-499C-929D-6F86D33044EC}
		{A867C770-3F17-4386-9C8A-EE7C2AC2B3A3} = {8B47FC8E-AFBE-499C-929D-6F86D33044EC}
		{D5545118-20E6-42B7-8D0E-C299D1ABF24F} = {8B47FC8E-AFBE-499C-929D-6F86D33044EC}
		{27B4D623-40C0-44DD-9402-D6466B3BF8A9} = {8B47FC8E-AFBE-499C-929D-6F86D33044EC}
		{369E3F39-C89C-4221-B43D-76988C7EB1DA} = {8B47FC8E-AFBE-499C-929D-6F86D33044EC}
		{082FAF59-52A7-41FB-9A0D-793C90575D4A} = {8B47FC8E-AFBE-499C-929D-6F86D33044EC}
	EndGlobalSection
	GlobalSection(ExtensibilityGlobals) = postSolution
		SolutionGuid = {3A6BD7F0-5A2F-41E5-ABC3-D11A6206D0F7}
	EndGlobalSection
EndGlobal
